
Microsoft Visual Studio Solution File, Format Version 12.00
# Visual Studio 15
VisualStudioVersion = 15.0.27130.2027
MinimumVisualStudioVersion = 10.0.40219.1
Project("{FAE04EC0-301F-11D3-BF4B-00C04F79EFBC}") = "Interview.CSharp", "Interview.CSharp\Interview.CSharp.csproj", "{0A3F7250-3BFE-4509-A1D6-E9F8000A2D45}"
EndProject
Global
	GlobalSection(SolutionConfigurationPlatforms) = preSolution
		Debug|Any CPU = Debug|Any CPU
		Release|Any CPU = Release|Any CPU
	EndGlobalSection
	GlobalSection(ProjectConfigurationPlatforms) = postSolution
		{0A3F7250-3BFE-4509-A1D6-E9F8000A2D45}.Debug|Any CPU.ActiveCfg = Debug|Any CPU
		{0A3F7250-3BFE-4509-A1D6-E9F8000A2D45}.Debug|Any CPU.Build.0 = Debug|Any CPU
		{0A3F7250-3BFE-4509-A1D6-E9F8000A2D45}.Release|Any CPU.ActiveCfg = Release|Any CPU
		{0A3F7250-3BFE-4509-A1D6-E9F8000A2D45}.Release|Any CPU.Build.0 = Release|Any CPU
	EndGlobalSection
	GlobalSection(SolutionProperties) = preSolution
		HideSolutionNode = FALSE
	EndGlobalSection
	GlobalSection(ExtensibilityGlobals) = postSolution
		SolutionGuid = {C87527E0-6721-4486-8001-7CF061051945}
	EndGlobalSection
EndGlobal
